// !$*UTF8*$!
{
	archiveVersion = 1;
	classes = {
	};
	objectVersion = 46;
	objects = {

/* Begin PBXBuildFile section */
		3D7107891BA22BA600C32D92 /* AppDelegate.swift in Sources */ = {isa = PBXBuildFile; fileRef = 3D7107881BA22BA600C32D92 /* AppDelegate.swift */; };
		3D71078C1BA22BA600C32D92 /* Blog_Reader.xcdatamodeld in Sources */ = {isa = PBXBuildFile; fileRef = 3D71078A1BA22BA600C32D92 /* Blog_Reader.xcdatamodeld */; };
		3D71078E1BA22BA600C32D92 /* MasterViewController.swift in Sources */ = {isa = PBXBuildFile; fileRef = 3D71078D1BA22BA600C32D92 /* MasterViewController.swift */; };
		3D7107901BA22BA600C32D92 /* DetailViewController.swift in Sources */ = {isa = PBXBuildFile; fileRef = 3D71078F1BA22BA600C32D92 /* DetailViewController.swift */; };
		3D7107931BA22BA600C32D92 /* Main.storyboard in Resources */ = {isa = PBXBuildFile; fileRef = 3D7107911BA22BA600C32D92 /* Main.storyboard */; };
		3D7107951BA22BA600C32D92 /* Assets.xcassets in Resources */ = {isa = PBXBuildFile; fileRef = 3D7107941BA22BA600C32D92 /* Assets.xcassets */; };
		3D7107981BA22BA600C32D92 /* LaunchScreen.storyboard in Resources */ = {isa = PBXBuildFile; fileRef = 3D7107961BA22BA600C32D92 /* LaunchScreen.storyboard */; };
		3D7107A31BA22BA600C32D92 /* Blog_ReaderTests.swift in Sources */ = {isa = PBXBuildFile; fileRef = 3D7107A21BA22BA600C32D92 /* Blog_ReaderTests.swift */; };
		3D7107AE1BA22BA600C32D92 /* Blog_ReaderUITests.swift in Sources */ = {isa = PBXBuildFile; fileRef = 3D7107AD1BA22BA600C32D92 /* Blog_ReaderUITests.swift */; };
/* End PBXBuildFile section */

/* Begin PBXContainerItemProxy section */
		3D71079F1BA22BA600C32D92 /* PBXContainerItemProxy */ = {
			isa = PBXContainerItemProxy;
			containerPortal = 3D71077D1BA22BA600C32D92 /* Project object */;
			proxyType = 1;
			remoteGlobalIDString = 3D7107841BA22BA600C32D92;
			remoteInfo = "Blog Reader";
		};
		3D7107AA1BA22BA600C32D92 /* PBXContainerItemProxy */ = {
			isa = PBXContainerItemProxy;
			containerPortal = 3D71077D1BA22BA600C32D92 /* Project object */;
			proxyType = 1;
			remoteGlobalIDString = 3D7107841BA22BA600C32D92;
			remoteInfo = "Blog Reader";
		};
/* End PBXContainerItemProxy section */

/* Begin PBXFileReference section */
		3D7107851BA22BA600C32D92 /* Blog Reader.app */ = {isa = PBXFileReference; explicitFileType = wrapper.application; includeInIndex = 0; path = "Blog Reader.app"; sourceTree = BUILT_PRODUCTS_DIR; };
		3D7107881BA22BA600C32D92 /* AppDelegate.swift */ = {isa = PBXFileReference; lastKnownFileType = sourcecode.swift; path = AppDelegate.swift; sourceTree = "<group>"; };
		3D71078B1BA22BA600C32D92 /* Blog_Reader.xcdatamodel */ = {isa = PBXFileReference; lastKnownFileType = wrapper.xcdatamodel; path = Blog_Reader.xcdatamodel; sourceTree = "<group>"; };
		3D71078D1BA22BA600C32D92 /* MasterViewController.swift */ = {isa = PBXFileReference; lastKnownFileType = sourcecode.swift; path = MasterViewController.swift; sourceTree = "<group>"; };
		3D71078F1BA22BA600C32D92 /* DetailViewController.swift */ = {isa = PBXFileReference; lastKnownFileType = sourcecode.swift; path = DetailViewController.swift; sourceTree = "<group>"; };
		3D7107921BA22BA600C32D92 /* Base */ = {isa = PBXFileReference; lastKnownFileType = file.storyboard; name = Base; path = Base.lproj/Main.storyboard; sourceTree = "<group>"; };
		3D7107941BA22BA600C32D92 /* Assets.xcassets */ = {isa = PBXFileReference; lastKnownFileType = folder.assetcatalog; path = Assets.xcassets; sourceTree = "<group>"; };
		3D7107971BA22BA600C32D92 /* Base */ = {isa = PBXFileReference; lastKnownFileType = file.storyboard; name = Base; path = Base.lproj/LaunchScreen.storyboard; sourceTree = "<group>"; };
		3D7107991BA22BA600C32D92 /* Info.plist */ = {isa = PBXFileReference; lastKnownFileType = text.plist.xml; path = Info.plist; sourceTree = "<group>"; };
		3D71079E1BA22BA600C32D92 /* Blog ReaderTests.xctest */ = {isa = PBXFileReference; explicitFileType = wrapper.cfbundle; includeInIndex = 0; path = "Blog ReaderTests.xctest"; sourceTree = BUILT_PRODUCTS_DIR; };
		3D7107A21BA22BA600C32D92 /* Blog_ReaderTests.swift */ = {isa = PBXFileReference; lastKnownFileType = sourcecode.swift; path = Blog_ReaderTests.swift; sourceTree = "<group>"; };
		3D7107A41BA22BA600C32D92 /* Info.plist */ = {isa = PBXFileReference; lastKnownFileType = text.plist.xml; path = Info.plist; sourceTree = "<group>"; };
		3D7107A91BA22BA600C32D92 /* Blog ReaderUITests.xctest */ = {isa = PBXFileReference; explicitFileType = wrapper.cfbundle; includeInIndex = 0; path = "Blog ReaderUITests.xctest"; sourceTree = BUILT_PRODUCTS_DIR; };
		3D7107AD1BA22BA600C32D92 /* Blog_ReaderUITests.swift */ = {isa = PBXFileReference; lastKnownFileType = sourcecode.swift; path = Blog_ReaderUITests.swift; sourceTree = "<group>"; };
		3D7107AF1BA22BA600C32D92 /* Info.plist */ = {isa = PBXFileReference; lastKnownFileType = text.plist.xml; path = Info.plist; sourceTree = "<group>"; };
/* End PBXFileReference section */

/* Begin PBXFrameworksBuildPhase section */
		3D7107821BA22BA600C32D92 /* Frameworks */ = {
			isa = PBXFrameworksBuildPhase;
			buildActionMask = 2147483647;
			files = (
			);
			runOnlyForDeploymentPostprocessing = 0;
		};
		3D71079B1BA22BA600C32D92 /* Frameworks */ = {
			isa = PBXFrameworksBuildPhase;
			buildActionMask = 2147483647;
			files = (
			);
			runOnlyForDeploymentPostprocessing = 0;
		};
		3D7107A61BA22BA600C32D92 /* Frameworks */ = {
			isa = PBXFrameworksBuildPhase;
			buildActionMask = 2147483647;
			files = (
			);
			runOnlyForDeploymentPostprocessing = 0;
		};
/* End PBXFrameworksBuildPhase section */

/* Begin PBXGroup section */
		3D71077C1BA22BA600C32D92 = {
			isa = PBXGroup;
			children = (
				3D7107871BA22BA600C32D92 /* Blog Reader */,
				3D7107A11BA22BA600C32D92 /* Blog ReaderTests */,
				3D7107AC1BA22BA600C32D92 /* Blog ReaderUITests */,
				3D7107861BA22BA600C32D92 /* Products */,
			);
			sourceTree = "<group>";
		};
		3D7107861BA22BA600C32D92 /* Products */ = {
			isa = PBXGroup;
			children = (
				3D7107851BA22BA600C32D92 /* Blog Reader.app */,
				3D71079E1BA22BA600C32D92 /* Blog ReaderTests.xctest */,
				3D7107A91BA22BA600C32D92 /* Blog ReaderUITests.xctest */,
			);
			name = Products;
			sourceTree = "<group>";
		};
		3D7107871BA22BA600C32D92 /* Blog Reader */ = {
			isa = PBXGroup;
			children = (
				3D7107881BA22BA600C32D92 /* AppDelegate.swift */,
				3D71078D1BA22BA600C32D92 /* MasterViewController.swift */,
				3D71078F1BA22BA600C32D92 /* DetailViewController.swift */,
				3D7107911BA22BA600C32D92 /* Main.storyboard */,
				3D7107941BA22BA600C32D92 /* Assets.xcassets */,
				3D7107961BA22BA600C32D92 /* LaunchScreen.storyboard */,
				3D7107991BA22BA600C32D92 /* Info.plist */,
				3D71078A1BA22BA600C32D92 /* Blog_Reader.xcdatamodeld */,
			);
			path = "Blog Reader";
			sourceTree = "<group>";
		};
		3D7107A11BA22BA600C32D92 /* Blog ReaderTests */ = {
			isa = PBXGroup;
			children = (
				3D7107A21BA22BA600C32D92 /* Blog_ReaderTests.swift */,
				3D7107A41BA22BA600C32D92 /* Info.plist */,
			);
			path = "Blog ReaderTests";
			sourceTree = "<group>";
		};
		3D7107AC1BA22BA600C32D92 /* Blog ReaderUITests */ = {
			isa = PBXGroup;
			children = (
				3D7107AD1BA22BA600C32D92 /* Blog_ReaderUITests.swift */,
				3D7107AF1BA22BA600C32D92 /* Info.plist */,
			);
			path = "Blog ReaderUITests";
			sourceTree = "<group>";
		};
/* End PBXGroup section */

/* Begin PBXNativeTarget section */
		3D7107841BA22BA600C32D92 /* Blog Reader */ = {
			isa = PBXNativeTarget;
			buildConfigurationList = 3D7107B21BA22BA600C32D92 /* Build configuration list for PBXNativeTarget "Blog Reader" */;
			buildPhases = (
				3D7107811BA22BA600C32D92 /* Sources */,
				3D7107821BA22BA600C32D92 /* Frameworks */,
				3D7107831BA22BA600C32D92 /* Resources */,
			);
			buildRules = (
			);
			dependencies = (
			);
			name = "Blog Reader";
			productName = "Blog Reader";
			productReference = 3D7107851BA22BA600C32D92 /* Blog Reader.app */;
			productType = "com.apple.product-type.application";
		};
		3D71079D1BA22BA600C32D92 /* Blog ReaderTests */ = {
			isa = PBXNativeTarget;
			buildConfigurationList = 3D7107B51BA22BA600C32D92 /* Build configuration list for PBXNativeTarget "Blog ReaderTests" */;
			buildPhases = (
				3D71079A1BA22BA600C32D92 /* Sources */,
				3D71079B1BA22BA600C32D92 /* Frameworks */,
				3D71079C1BA22BA600C32D92 /* Resources */,
			);
			buildRules = (
			);
			dependencies = (
				3D7107A01BA22BA600C32D92 /* PBXTargetDependency */,
			);
			name = "Blog ReaderTests";
			productName = "Blog ReaderTests";
			productReference = 3D71079E1BA22BA600C32D92 /* Blog ReaderTests.xctest */;
			productType = "com.apple.product-type.bundle.unit-test";
		};
		3D7107A81BA22BA600C32D92 /* Blog ReaderUITests */ = {
			isa = PBXNativeTarget;
			buildConfigurationList = 3D7107B81BA22BA600C32D92 /* Build configuration list for PBXNativeTarget "Blog ReaderUITests" */;
			buildPhases = (
				3D7107A51BA22BA600C32D92 /* Sources */,
				3D7107A61BA22BA600C32D92 /* Frameworks */,
				3D7107A71BA22BA600C32D92 /* Resources */,
			);
			buildRules = (
			);
			dependencies = (
				3D7107AB1BA22BA600C32D92 /* PBXTargetDependency */,
			);
			name = "Blog ReaderUITests";
			productName = "Blog ReaderUITests";
			productReference = 3D7107A91BA22BA600C32D92 /* Blog ReaderUITests.xctest */;
			productType = "com.apple.product-type.bundle.ui-testing";
		};
/* End PBXNativeTarget section */

/* Begin PBXProject section */
		3D71077D1BA22BA600C32D92 /* Project object */ = {
			isa = PBXProject;
			attributes = {
				LastUpgradeCheck = 0700;
				ORGANIZATIONNAME = "William Peregoy";
				TargetAttributes = {
					3D7107841BA22BA600C32D92 = {
						CreatedOnToolsVersion = 7.0;
						DevelopmentTeam = WK3TD8MH9H;
					};
					3D71079D1BA22BA600C32D92 = {
						CreatedOnToolsVersion = 7.0;
						DevelopmentTeam = WK3TD8MH9H;
						TestTargetID = 3D7107841BA22BA600C32D92;
					};
					3D7107A81BA22BA600C32D92 = {
						CreatedOnToolsVersion = 7.0;
						DevelopmentTeam = WK3TD8MH9H;
						TestTargetID = 3D7107841BA22BA600C32D92;
					};
				};
			};
			buildConfigurationList = 3D7107801BA22BA600C32D92 /* Build configuration list for PBXProject "Blog Reader" */;
			compatibilityVersion = "Xcode 3.2";
			developmentRegion = English;
			hasScannedForEncodings = 0;
			knownRegions = (
				en,
				Base,
			);
			mainGroup = 3D71077C1BA22BA600C32D92;
			productRefGroup = 3D7107861BA22BA600C32D92 /* Products */;
			projectDirPath = "";
			projectRoot = "";
			targets = (
				3D7107841BA22BA600C32D92 /* Blog Reader */,
				3D71079D1BA22BA600C32D92 /* Blog ReaderTests */,
				3D7107A81BA22BA600C32D92 /* Blog ReaderUITests */,
			);
		};
/* End PBXProject section */

/* Begin PBXResourcesBuildPhase section */
		3D7107831BA22BA600C32D92 /* Resources */ = {
			isa = PBXResourcesBuildPhase;
			buildActionMask = 2147483647;
			files = (
				3D7107981BA22BA600C32D92 /* LaunchScreen.storyboard in Resources */,
				3D7107951BA22BA600C32D92 /* Assets.xcassets in Resources */,
				3D7107931BA22BA600C32D92 /* Main.storyboard in Resources */,
			);
			runOnlyForDeploymentPostprocessing = 0;
		};
		3D71079C1BA22BA600C32D92 /* Resources */ = {
			isa = PBXResourcesBuildPhase;
			buildActionMask = 2147483647;
			files = (
			);
			runOnlyForDeploymentPostprocessing = 0;
		};
		3D7107A71BA22BA600C32D92 /* Resources */ = {
			isa = PBXResourcesBuildPhase;
			buildActionMask = 2147483647;
			files = (
			);
			runOnlyForDeploymentPostprocessing = 0;
		};
/* End PBXResourcesBuildPhase section */

/* Begin PBXSourcesBuildPhase section */
		3D7107811BA22BA600C32D92 /* Sources */ = {
			isa = PBXSourcesBuildPhase;
			buildActionMask = 2147483647;
			files = (
				3D71078C1BA22BA600C32D92 /* Blog_Reader.xcdatamodeld in Sources */,
				3D7107891BA22BA600C32D92 /* AppDelegate.swift in Sources */,
				3D71078E1BA22BA600C32D92 /* MasterViewController.swift in Sources */,
				3D7107901BA22BA600C32D92 /* DetailViewController.swift in Sources */,
			);
			runOnlyForDeploymentPostprocessing = 0;
		};
		3D71079A1BA22BA600C32D92 /* Sources */ = {
			isa = PBXSourcesBuildPhase;
			buildActionMask = 2147483647;
			files = (
				3D7107A31BA22BA600C32D92 /* Blog_ReaderTests.swift in Sources */,
			);
			runOnlyForDeploymentPostprocessing = 0;
		};
		3D7107A51BA22BA600C32D92 /* Sources */ = {
			isa = PBXSourcesBuildPhase;
			buildActionMask = 2147483647;
			files = (
				3D7107AE1BA22BA600C32D92 /* Blog_ReaderUITests.swift in Sources */,
			);
			runOnlyForDeploymentPostprocessing = 0;
		};
/* End PBXSourcesBuildPhase section */

/* Begin PBXTargetDependency section */
		3D7107A01BA22BA600C32D92 /* PBXTargetDependency */ = {
			isa = PBXTargetDependency;
			target = 3D7107841BA22BA600C32D92 /* Blog Reader */;
			targetProxy = 3D71079F1BA22BA600C32D92 /* PBXContainerItemProxy */;
		};
		3D7107AB1BA22BA600C32D92 /* PBXTargetDependency */ = {
			isa = PBXTargetDependency;
			target = 3D7107841BA22BA600C32D92 /* Blog Reader */;
			targetProxy = 3D7107AA1BA22BA600C32D92 /* PBXContainerItemProxy */;
		};
/* End PBXTargetDependency section */

/* Begin PBXVariantGroup section */
		3D7107911BA22BA600C32D92 /* Main.storyboard */ = {
			isa = PBXVariantGroup;
			children = (
				3D7107921BA22BA600C32D92 /* Base */,
			);
			name = Main.storyboard;
			sourceTree = "<group>";
		};
		3D7107961BA22BA600C32D92 /* LaunchScreen.storyboard */ = {
			isa = PBXVariantGroup;
			children = (
				3D7107971BA22BA600C32D92 /* Base */,
			);
			name = LaunchScreen.storyboard;
			sourceTree = "<group>";
		};
/* End PBXVariantGroup section */

/* Begin XCBuildConfiguration section */
		3D7107B01BA22BA600C32D92 /* Debug */ = {
			isa = XCBuildConfiguration;
			buildSettings = {
				ALWAYS_SEARCH_USER_PATHS = NO;
				CLANG_CXX_LANGUAGE_STANDARD = "gnu++0x";
				CLANG_CXX_LIBRARY = "libc++";
				CLANG_ENABLE_MODULES = YES;
				CLANG_ENABLE_OBJC_ARC = YES;
				CLANG_WARN_BOOL_CONVERSION = YES;
				CLANG_WARN_CONSTANT_CONVERSION = YES;
				CLANG_WARN_DIRECT_OBJC_ISA_USAGE = YES_ERROR;
				CLANG_WARN_EMPTY_BODY = YES;
				CLANG_WARN_ENUM_CONVERSION = YES;
				CLANG_WARN_INT_CONVERSION = YES;
				CLANG_WARN_OBJC_ROOT_CLASS = YES_ERROR;
				CLANG_WARN_UNREACHABLE_CODE = YES;
				CLANG_WARN__DUPLICATE_METHOD_MATCH = YES;
				"CODE_SIGN_IDENTITY[sdk=iphoneos*]" = "iPhone Developer";
				COPY_PHASE_STRIP = NO;
				DEBUG_INFORMATION_FORMAT = dwarf;
				ENABLE_STRICT_OBJC_MSGSEND = YES;
				ENABLE_TESTABILITY = YES;
				GCC_C_LANGUAGE_STANDARD = gnu99;
				GCC_DYNAMIC_NO_PIC = NO;
				GCC_NO_COMMON_BLOCKS = YES;
				GCC_OPTIMIZATION_LEVEL = 0;
				GCC_PREPROCESSOR_DEFINITIONS = (
					"DEBUG=1",
					"$(inherited)",
				);
				GCC_WARN_64_TO_32_BIT_CONVERSION = YES;
				GCC_WARN_ABOUT_RETURN_TYPE = YES_ERROR;
				GCC_WARN_UNDECLARED_SELECTOR = YES;
				GCC_WARN_UNINITIALIZED_AUTOS = YES_AGGRESSIVE;
				GCC_WARN_UNUSED_FUNCTION = YES;
				GCC_WARN_UNUSED_VARIABLE = YES;
				IPHONEOS_DEPLOYMENT_TARGET = 9.0;
				MTL_ENABLE_DEBUG_INFO = YES;
				ONLY_ACTIVE_ARCH = YES;
				SDKROOT = iphoneos;
				SWIFT_OPTIMIZATION_LEVEL = "-Onone";
			};
			name = Debug;
		};
		3D7107B11BA22BA600C32D92 /* Release */ = {
			isa = XCBuildConfiguration;
			buildSettings = {
				ALWAYS_SEARCH_USER_PATHS = NO;
				CLANG_CXX_LANGUAGE_STANDARD = "gnu++0x";
				CLANG_CXX_LIBRARY = "libc++";
				CLANG_ENABLE_MODULES = YES;
				CLANG_ENABLE_OBJC_ARC = YES;
				CLANG_WARN_BOOL_CONVERSION = YES;
				CLANG_WARN_CONSTANT_CONVERSION = YES;
				CLANG_WARN_DIRECT_OBJC_ISA_USAGE = YES_ERROR;
				CLANG_WARN_EMPTY_BODY = YES;
				CLANG_WARN_ENUM_CONVERSION = YES;
				CLANG_WARN_INT_CONVERSION = YES;
				CLANG_WARN_OBJC_ROOT_CLASS = YES_ERROR;
				CLANG_WARN_UNREACHABLE_CODE = YES;
				CLANG_WARN__DUPLICATE_METHOD_MATCH = YES;
				"CODE_SIGN_IDENTITY[sdk=iphoneos*]" = "iPhone Developer";
				COPY_PHASE_STRIP = NO;
				DEBUG_INFORMATION_FORMAT = "dwarf-with-dsym";
				ENABLE_NS_ASSERTIONS = NO;
				ENABLE_STRICT_OBJC_MSGSEND = YES;
				GCC_C_LANGUAGE_STANDARD = gnu99;
				GCC_NO_COMMON_BLOCKS = YES;
				GCC_WARN_64_TO_32_BIT_CONVERSION = YES;
				GCC_WARN_ABOUT_RETURN_TYPE = YES_ERROR;
				GCC_WARN_UNDECLARED_SELECTOR = YES;
				GCC_WARN_UNINITIALIZED_AUTOS = YES_AGGRESSIVE;
				GCC_WARN_UNUSED_FUNCTION = YES;
				GCC_WARN_UNUSED_VARIABLE = YES;
				IPHONEOS_DEPLOYMENT_TARGET = 9.0;
				MTL_ENABLE_DEBUG_INFO = NO;
				SDKROOT = iphoneos;
				VALIDATE_PRODUCT = YES;
			};
			name = Release;
		};
		3D7107B31BA22BA600C32D92 /* Debug */ = {
			isa = XCBuildConfiguration;
			buildSettings = {
				ASSETCATALOG_COMPILER_APPICON_NAME = AppIcon;
				INFOPLIST_FILE = "Blog Reader/Info.plist";
				LD_RUNPATH_SEARCH_PATHS = "$(inherited) @executable_path/Frameworks";
				PRODUCT_BUNDLE_IDENTIFIER = "com.williamperegoy.Blog-Reader";
				PRODUCT_NAME = "$(TARGET_NAME)";
			};
			name = Debug;
		};
		3D7107B41BA22BA600C32D92 /* Release */ = {
			isa = XCBuildConfiguration;
			buildSettings = {
				ASSETCATALOG_COMPILER_APPICON_NAME = AppIcon;
				INFOPLIST_FILE = "Blog Reader/Info.plist";
				LD_RUNPATH_SEARCH_PATHS = "$(inherited) @executable_path/Frameworks";
				PRODUCT_BUNDLE_IDENTIFIER = "com.williamperegoy.Blog-Reader";
				PRODUCT_NAME = "$(TARGET_NAME)";
			};
			name = Release;
		};
		3D7107B61BA22BA600C32D92 /* Debug */ = {
			isa = XCBuildConfiguration;
			buildSettings = {
				BUNDLE_LOADER = "$(TEST_HOST)";
				INFOPLIST_FILE = "Blog ReaderTests/Info.plist";
				LD_RUNPATH_SEARCH_PATHS = "$(inherited) @executable_path/Frameworks @loader_path/Frameworks";
				PRODUCT_BUNDLE_IDENTIFIER = "com.williamperegoy.Blog-ReaderTests";
				PRODUCT_NAME = "$(TARGET_NAME)";
				TEST_HOST = "$(BUILT_PRODUCTS_DIR)/Blog Reader.app/Blog Reader";
			};
			name = Debug;
		};
		3D7107B71BA22BA600C32D92 /* Release */ = {
			isa = XCBuildConfiguration;
			buildSettings = {
				BUNDLE_LOADER = "$(TEST_HOST)";
				INFOPLIST_FILE = "Blog ReaderTests/Info.plist";
				LD_RUNPATH_SEARCH_PATHS = "$(inherited) @executable_path/Frameworks @loader_path/Frameworks";
				PRODUCT_BUNDLE_IDENTIFIER = "com.williamperegoy.Blog-ReaderTests";
				PRODUCT_NAME = "$(TARGET_NAME)";
				TEST_HOST = "$(BUILT_PRODUCTS_DIR)/Blog Reader.app/Blog Reader";
			};
			name = Release;
		};
		3D7107B91BA22BA600C32D92 /* Debug */ = {
			isa = XCBuildConfiguration;
			buildSettings = {
				INFOPLIST_FILE = "Blog ReaderUITests/Info.plist";
				LD_RUNPATH_SEARCH_PATHS = "$(inherited) @executable_path/Frameworks @loader_path/Frameworks";
				PRODUCT_BUNDLE_IDENTIFIER = "com.williamperegoy.Blog-ReaderUITests";
				PRODUCT_NAME = "$(TARGET_NAME)";
				TEST_TARGET_NAME = "Blog Reader";
				USES_XCTRUNNER = YES;
			};
			name = Debug;
		};
		3D7107BA1BA22BA600C32D92 /* Release */ = {
			isa = XCBuildConfiguration;
			buildSettings = {
				INFOPLIST_FILE = "Blog ReaderUITests/Info.plist";
				LD_RUNPATH_SEARCH_PATHS = "$(inherited) @executable_path/Frameworks @loader_path/Frameworks";
				PRODUCT_BUNDLE_IDENTIFIER = "com.williamperegoy.Blog-ReaderUITests";
				PRODUCT_NAME = "$(TARGET_NAME)";
				TEST_TARGET_NAME = "Blog Reader";
				USES_XCTRUNNER = YES;
			};
			name = Release;
		};
/* End XCBuildConfiguration section */

/* Begin XCConfigurationList section */
		3D7107801BA22BA600C32D92 /* Build configuration list for PBXProject "Blog Reader" */ = {
			isa = XCConfigurationList;
			buildConfigurations = (
				3D7107B01BA22BA600C32D92 /* Debug */,
				3D7107B11BA22BA600C32D92 /* Release */,
			);
			defaultConfigurationIsVisible = 0;
			defaultConfigurationName = Release;
		};
		3D7107B21BA22BA600C32D92 /* Build configuration list for PBXNativeTarget "Blog Reader" */ = {
			isa = XCConfigurationList;
			buildConfigurations = (
				3D7107B31BA22BA600C32D92 /* Debug */,
				3D7107B41BA22BA600C32D92 /* Release */,
			);
			defaultConfigurationIsVisible = 0;
		};
		3D7107B51BA22BA600C32D92 /* Build configuration list for PBXNativeTarget "Blog ReaderTests" */ = {
			isa = XCConfigurationList;
			buildConfigurations = (
				3D7107B61BA22BA600C32D92 /* Debug */,
				3D7107B71BA22BA600C32D92 /* Release */,
			);
			defaultConfigurationIsVisible = 0;
		};
		3D7107B81BA22BA600C32D92 /* Build configuration list for PBXNativeTarget "Blog ReaderUITests" */ = {
			isa = XCConfigurationList;
			buildConfigurations = (
				3D7107B91BA22BA600C32D92 /* Debug */,
				3D7107BA1BA22BA600C32D92 /* Release */,
			);
			defaultConfigurationIsVisible = 0;
		};
/* End XCConfigurationList section */

/* Begin XCVersionGroup section */
		3D71078A1BA22BA600C32D92 /* Blog_Reader.xcdatamodeld */ = {
			isa = XCVersionGroup;
			children = (
				3D71078B1BA22BA600C32D92 /* Blog_Reader.xcdatamodel */,
			);
			currentVersion = 3D71078B1BA22BA600C32D92 /* Blog_Reader.xcdatamodel */;
			path = Blog_Reader.xcdatamodeld;
			sourceTree = "<group>";
			versionGroupType = wrapper.xcdatamodel;
		};
/* End XCVersionGroup section */
	};
	rootObject = 3D71077D1BA22BA600C32D92 /* Project object */;
}
